
Microsoft Visual Studio Solution File, Format Version 12.00
# Visual Studio Version 17
VisualStudioVersion = 17.8.34330.188
MinimumVisualStudioVersion = 10.0.40219.1
Project("{FAE04EC0-301F-11D3-BF4B-00C04F79EFBC}") = "HolidayResort.Web", "HolidayResort.Web\HolidayResort.Web.csproj", "{26B47C17-76E4-4B26-BABD-79049C33C480}"
EndProject
Global
	GlobalSection(SolutionConfigurationPlatforms) = preSolution
		Debug|Any CPU = Debug|Any CPU
		Release|Any CPU = Release|Any CPU
	EndGlobalSection
	GlobalSection(ProjectConfigurationPlatforms) = postSolution
		{26B47C17-76E4-4B26-BABD-79049C33C480}.Debug|Any CPU.ActiveCfg = Debug|Any CPU
		{26B47C17-76E4-4B26-BABD-79049C33C480}.Debug|Any CPU.Build.0 = Debug|Any CPU
		{26B47C17-76E4-4B26-BABD-79049C33C480}.Release|Any CPU.ActiveCfg = Release|Any CPU
		{26B47C17-76E4-4B26-BABD-79049C33C480}.Release|Any CPU.Build.0 = Release|Any CPU
	EndGlobalSection
	GlobalSection(SolutionProperties) = preSolution
		HideSolutionNode = FALSE
	EndGlobalSection
	GlobalSection(ExtensibilityGlobals) = postSolution
		SolutionGuid = {B42E8031-9A20-4EDB-ABE5-7D18465BD8A5}
	EndGlobalSection
EndGlobal
